
Microsoft Visual Studio Solution File, Format Version 12.00
# Visual Studio Version 17
VisualStudioVersion = 17.8.34525.116
MinimumVisualStudioVersion = 10.0.40219.1
Project("{9A19103F-16F7-4668-BE54-9A1E7A4F7556}") = "SearchEngineScraper", "SearchEngineScraper.csproj", "{24EF3923-9A47-44DB-81A1-B5C5F026F944}"
EndProject
Global
	GlobalSection(SolutionConfigurationPlatforms) = preSolution
		Debug|Any CPU = Debug|Any CPU
		Release|Any CPU = Release|Any CPU
	EndGlobalSection
	GlobalSection(ProjectConfigurationPlatforms) = postSolution
		{24EF3923-9A47-44DB-81A1-B5C5F026F944}.Debug|Any CPU.ActiveCfg = Debug|Any CPU
		{24EF3923-9A47-44DB-81A1-B5C5F026F944}.Debug|Any CPU.Build.0 = Debug|Any CPU
		{24EF3923-9A47-44DB-81A1-B5C5F026F944}.Release|Any CPU.ActiveCfg = Release|Any CPU
		{24EF3923-9A47-44DB-81A1-B5C5F026F944}.Release|Any CPU.Build.0 = Release|Any CPU
	EndGlobalSection
	GlobalSection(SolutionProperties) = preSolution
		HideSolutionNode = FALSE
	EndGlobalSection
	GlobalSection(ExtensibilityGlobals) = postSolution
		SolutionGuid = {D851A0B6-3AF8-4CCD-B943-8C2E14510306}
	EndGlobalSection
EndGlobal
